// !$*UTF8*$!
{
	archiveVersion = 1;
	classes = {
	};
	objectVersion = 50;
	objects = {

/* Begin PBXBuildFile section */
		58D5B65F2308BD8A004D861D /* AppDelegate.swift in Sources */ = {isa = PBXBuildFile; fileRef = 58D5B65E2308BD8A004D861D /* AppDelegate.swift */; };
		58D5B6612308BD8A004D861D /* Commander.swift in Sources */ = {isa = PBXBuildFile; fileRef = 58D5B6602308BD8A004D861D /* Commander.swift */; };
		58D5B6642308BD8A004D861D /* Main.storyboard in Resources */ = {isa = PBXBuildFile; fileRef = 58D5B6622308BD8A004D861D /* Main.storyboard */; };
		58D5B6662308BD8C004D861D /* Assets.xcassets in Resources */ = {isa = PBXBuildFile; fileRef = 58D5B6652308BD8C004D861D /* Assets.xcassets */; };
		58D5B6692308BD8C004D861D /* LaunchScreen.storyboard in Resources */ = {isa = PBXBuildFile; fileRef = 58D5B6672308BD8C004D861D /* LaunchScreen.storyboard */; };
		58D5B6712308BEB9004D861D /* Soldier.swift in Sources */ = {isa = PBXBuildFile; fileRef = 58D5B6702308BEB9004D861D /* Soldier.swift */; };
		58F6BDB1230B18F700B39B3D /* decisionProtocol.swift in Sources */ = {isa = PBXBuildFile; fileRef = 58F6BDB0230B18F700B39B3D /* decisionProtocol.swift */; };
/* End PBXBuildFile section */

/* Begin PBXFileReference section */
		58D5B65B2308BD8A004D861D /* DelegatesAndProtocols.app */ = {isa = PBXFileReference; explicitFileType = wrapper.application; includeInIndex = 0; path = DelegatesAndProtocols.app; sourceTree = BUILT_PRODUCTS_DIR; };
		58D5B65E2308BD8A004D861D /* AppDelegate.swift */ = {isa = PBXFileReference; lastKnownFileType = sourcecode.swift; path = AppDelegate.swift; sourceTree = "<group>"; };
		58D5B6602308BD8A004D861D /* Commander.swift */ = {isa = PBXFileReference; lastKnownFileType = sourcecode.swift; path = Commander.swift; sourceTree = "<group>"; };
		58D5B6632308BD8A004D861D /* Base */ = {isa = PBXFileReference; lastKnownFileType = file.storyboard; name = Base; path = Base.lproj/Main.storyboard; sourceTree = "<group>"; };
		58D5B6652308BD8C004D861D /* Assets.xcassets */ = {isa = PBXFileReference; lastKnownFileType = folder.assetcatalog; path = Assets.xcassets; sourceTree = "<group>"; };
		58D5B6682308BD8C004D861D /* Base */ = {isa = PBXFileReference; lastKnownFileType = file.storyboard; name = Base; path = Base.lproj/LaunchScreen.storyboard; sourceTree = "<group>"; };
		58D5B66A2308BD8C004D861D /* Info.plist */ = {isa = PBXFileReference; lastKnownFileType = text.plist.xml; path = Info.plist; sourceTree = "<group>"; };
		58D5B6702308BEB9004D861D /* Soldier.swift */ = {isa = PBXFileReference; lastKnownFileType = sourcecode.swift; path = Soldier.swift; sourceTree = "<group>"; };
		58F6BDB0230B18F700B39B3D /* decisionProtocol.swift */ = {isa = PBXFileReference; lastKnownFileType = sourcecode.swift; path = decisionProtocol.swift; sourceTree = "<group>"; };
/* End PBXFileReference section */

/* Begin PBXFrameworksBuildPhase section */
		58D5B6582308BD8A004D861D /* Frameworks */ = {
			isa = PBXFrameworksBuildPhase;
			buildActionMask = 2147483647;
			files = (
			);
			runOnlyForDeploymentPostprocessing = 0;
		};
/* End PBXFrameworksBuildPhase section */

/* Begin PBXGroup section */
		58D5B6522308BD8A004D861D = {
			isa = PBXGroup;
			children = (
				58D5B65D2308BD8A004D861D /* DelegatesAndProtocols */,
				58D5B65C2308BD8A004D861D /* Products */,
			);
			sourceTree = "<group>";
		};
		58D5B65C2308BD8A004D861D /* Products */ = {
			isa = PBXGroup;
			children = (
				58D5B65B2308BD8A004D861D /* DelegatesAndProtocols.app */,
			);
			name = Products;
			sourceTree = "<group>";
		};
		58D5B65D2308BD8A004D861D /* DelegatesAndProtocols */ = {
			isa = PBXGroup;
			children = (
				58D5B65E2308BD8A004D861D /* AppDelegate.swift */,
				58D5B6602308BD8A004D861D /* Commander.swift */,
				58F6BDB0230B18F700B39B3D /* decisionProtocol.swift */,
				58D5B6702308BEB9004D861D /* Soldier.swift */,
				58D5B6622308BD8A004D861D /* Main.storyboard */,
				58D5B6652308BD8C004D861D /* Assets.xcassets */,
				58D5B6672308BD8C004D861D /* LaunchScreen.storyboard */,
				58D5B66A2308BD8C004D861D /* Info.plist */,
			);
			path = DelegatesAndProtocols;
			sourceTree = "<group>";
		};
/* End PBXGroup section */

/* Begin PBXNativeTarget section */
		58D5B65A2308BD8A004D861D /* DelegatesAndProtocols */ = {
			isa = PBXNativeTarget;
			buildConfigurationList = 58D5B66D2308BD8C004D861D /* Build configuration list for PBXNativeTarget "DelegatesAndProtocols" */;
			buildPhases = (
				58D5B6572308BD8A004D861D /* Sources */,
				58D5B6582308BD8A004D861D /* Frameworks */,
				58D5B6592308BD8A004D861D /* Resources */,
			);
			buildRules = (
			);
			dependencies = (
			);
			name = DelegatesAndProtocols;
			productName = DelegatesAndProtocols;
			productReference = 58D5B65B2308BD8A004D861D /* DelegatesAndProtocols.app */;
			productType = "com.apple.product-type.application";
		};
/* End PBXNativeTarget section */

/* Begin PBXProject section */
		58D5B6532308BD8A004D861D /* Project object */ = {
			isa = PBXProject;
			attributes = {
				LastSwiftUpdateCheck = 1030;
				LastUpgradeCheck = 1030;
				ORGANIZATIONNAME = Amith;
				TargetAttributes = {
					58D5B65A2308BD8A004D861D = {
						CreatedOnToolsVersion = 10.3;
					};
				};
			};
			buildConfigurationList = 58D5B6562308BD8A004D861D /* Build configuration list for PBXProject "DelegatesAndProtocols" */;
			compatibilityVersion = "Xcode 9.3";
			developmentRegion = en;
			hasScannedForEncodings = 0;
			knownRegions = (
				en,
				Base,
			);
			mainGroup = 58D5B6522308BD8A004D861D;
			productRefGroup = 58D5B65C2308BD8A004D861D /* Products */;
			projectDirPath = "";
			projectRoot = "";
			targets = (
				58D5B65A2308BD8A004D861D /* DelegatesAndProtocols */,
			);
		};
/* End PBXProject section */

/* Begin PBXResourcesBuildPhase section */
		58D5B6592308BD8A004D861D /* Resources */ = {
			isa = PBXResourcesBuildPhase;
			buildActionMask = 2147483647;
			files = (
				58D5B6692308BD8C004D861D /* LaunchScreen.storyboard in Resources */,
				58D5B6662308BD8C004D861D /* Assets.xcassets in Resources */,
				58D5B6642308BD8A004D861D /* Main.storyboard in Resources */,
			);
			runOnlyForDeploymentPostprocessing = 0;
		};
/* End PBXResourcesBuildPhase section */

/* Begin PBXSourcesBuildPhase section */
		58D5B6572308BD8A004D861D /* Sources */ = {
			isa = PBXSourcesBuildPhase;
			buildActionMask = 2147483647;
			files = (
				58D5B6612308BD8A004D861D /* Commander.swift in Sources */,
				58F6BDB1230B18F700B39B3D /* decisionProtocol.swift in Sources */,
				58D5B6712308BEB9004D861D /* Soldier.swift in Sources */,
				58D5B65F2308BD8A004D861D /* AppDelegate.swift in Sources */,
			);
			runOnlyForDeploymentPostprocessing = 0;
		};
/* End PBXSourcesBuildPhase section */

/* Begin PBXVariantGroup section */
		58D5B6622308BD8A004D861D /* Main.storyboard */ = {
			isa = PBXVariantGroup;
			children = (
				58D5B6632308BD8A004D861D /* Base */,
			);
			name = Main.storyboard;
			sourceTree = "<group>";
		};
		58D5B6672308BD8C004D861D /* LaunchScreen.storyboard */ = {
			isa = PBXVariantGroup;
			children = (
				58D5B6682308BD8C004D861D /* Base */,
			);
			name = LaunchScreen.storyboard;
			sourceTree = "<group>";
		};
/* End PBXVariantGroup section */

/* Begin XCBuildConfiguration section */
		58D5B66B2308BD8C004D861D /* Debug */ = {
			isa = XCBuildConfiguration;
			buildSettings = {
				ALWAYS_SEARCH_USER_PATHS = NO;
				CLANG_ANALYZER_NONNULL = YES;
				CLANG_ANALYZER_NUMBER_OBJECT_CONVERSION = YES_AGGRESSIVE;
				CLANG_CXX_LANGUAGE_STANDARD = "gnu++14";
				CLANG_CXX_LIBRARY = "libc++";
				CLANG_ENABLE_MODULES = YES;
				CLANG_ENABLE_OBJC_ARC = YES;
				CLANG_ENABLE_OBJC_WEAK = YES;
				CLANG_WARN_BLOCK_CAPTURE_AUTORELEASING = YES;
				CLANG_WARN_BOOL_CONVERSION = YES;
				CLANG_WARN_COMMA = YES;
				CLANG_WARN_CONSTANT_CONVERSION = YES;
				CLANG_WARN_DEPRECATED_OBJC_IMPLEMENTATIONS = YES;
				CLANG_WARN_DIRECT_OBJC_ISA_USAGE = YES_ERROR;
				CLANG_WARN_DOCUMENTATION_COMMENTS = YES;
				CLANG_WARN_EMPTY_BODY = YES;
				CLANG_WARN_ENUM_CONVERSION = YES;
				CLANG_WARN_INFINITE_RECURSION = YES;
				CLANG_WARN_INT_CONVERSION = YES;
				CLANG_WARN_NON_LITERAL_NULL_CONVERSION = YES;
				CLANG_WARN_OBJC_IMPLICIT_RETAIN_SELF = YES;
				CLANG_WARN_OBJC_LITERAL_CONVERSION = YES;
				CLANG_WARN_OBJC_ROOT_CLASS = YES_ERROR;
				CLANG_WARN_RANGE_LOOP_ANALYSIS = YES;
				CLANG_WARN_STRICT_PROTOTYPES = YES;
				CLANG_WARN_SUSPICIOUS_MOVE = YES;
				CLANG_WARN_UNGUARDED_AVAILABILITY = YES_AGGRESSIVE;
				CLANG_WARN_UNREACHABLE_CODE = YES;
				CLANG_WARN__DUPLICATE_METHOD_MATCH = YES;
				CODE_SIGN_IDENTITY = "iPhone Developer";
				COPY_PHASE_STRIP = NO;
				DEBUG_INFORMATION_FORMAT = dwarf;
				ENABLE_STRICT_OBJC_MSGSEND = YES;
				ENABLE_TESTABILITY = YES;
				GCC_C_LANGUAGE_STANDARD = gnu11;
				GCC_DYNAMIC_NO_PIC = NO;
				GCC_NO_COMMON_BLOCKS = YES;
				GCC_OPTIMIZATION_LEVEL = 0;
				GCC_PREPROCESSOR_DEFINITIONS = (
					"DEBUG=1",
					"$(inherited)",
				);
				GCC_WARN_64_TO_32_BIT_CONVERSION = YES;
				GCC_WARN_ABOUT_RETURN_TYPE = YES_ERROR;
				GCC_WARN_UNDECLARED_SELECTOR = YES;
				GCC_WARN_UNINITIALIZED_AUTOS = YES_AGGRESSIVE;
				GCC_WARN_UNUSED_FUNCTION = YES;
				GCC_WARN_UNUSED_VARIABLE = YES;
				IPHONEOS_DEPLOYMENT_TARGET = 12.4;
				MTL_ENABLE_DEBUG_INFO = INCLUDE_SOURCE;
				MTL_FAST_MATH = YES;
				ONLY_ACTIVE_ARCH = YES;
				SDKROOT = iphoneos;
				SWIFT_ACTIVE_COMPILATION_CONDITIONS = DEBUG;
				SWIFT_OPTIMIZATION_LEVEL = "-Onone";
			};
			name = Debug;
		};
		58D5B66C2308BD8C004D861D /* Release */ = {
			isa = XCBuildConfiguration;
			buildSettings = {
				ALWAYS_SEARCH_USER_PATHS = NO;
				CLANG_ANALYZER_NONNULL = YES;
				CLANG_ANALYZER_NUMBER_OBJECT_CONVERSION = YES_AGGRESSIVE;
				CLANG_CXX_LANGUAGE_STANDARD = "gnu++14";
				CLANG_CXX_LIBRARY = "libc++";
				CLANG_ENABLE_MODULES = YES;
				CLANG_ENABLE_OBJC_ARC = YES;
				CLANG_ENABLE_OBJC_WEAK = YES;
				CLANG_WARN_BLOCK_CAPTURE_AUTORELEASING = YES;
				CLANG_WARN_BOOL_CONVERSION = YES;
				CLANG_WARN_COMMA = YES;
				CLANG_WARN_CONSTANT_CONVERSION = YES;
				CLANG_WARN_DEPRECATED_OBJC_IMPLEMENTATIONS = YES;
				CLANG_WARN_DIRECT_OBJC_ISA_USAGE = YES_ERROR;
				CLANG_WARN_DOCUMENTATION_COMMENTS = YES;
				CLANG_WARN_EMPTY_BODY = YES;
				CLANG_WARN_ENUM_CONVERSION = YES;
				CLANG_WARN_INFINITE_RECURSION = YES;
				CLANG_WARN_INT_CONVERSION = YES;
				CLANG_WARN_NON_LITERAL_NULL_CONVERSION = YES;
				CLANG_WARN_OBJC_IMPLICIT_RETAIN_SELF = YES;
				CLANG_WARN_OBJC_LITERAL_CONVERSION = YES;
				CLANG_WARN_OBJC_ROOT_CLASS = YES_ERROR;
				CLANG_WARN_RANGE_LOOP_ANALYSIS = YES;
				CLANG_WARN_STRICT_PROTOTYPES = YES;
				CLANG_WARN_SUSPICIOUS_MOVE = YES;
				CLANG_WARN_UNGUARDED_AVAILABILITY = YES_AGGRESSIVE;
				CLANG_WARN_UNREACHABLE_CODE = YES;
				CLANG_WARN__DUPLICATE_METHOD_MATCH = YES;
				CODE_SIGN_IDENTITY = "iPhone Developer";
				COPY_PHASE_STRIP = NO;
				DEBUG_INFORMATION_FORMAT = "dwarf-with-dsym";
				ENABLE_NS_ASSERTIONS = NO;
				ENABLE_STRICT_OBJC_MSGSEND = YES;
				GCC_C_LANGUAGE_STANDARD = gnu11;
				GCC_NO_COMMON_BLOCKS = YES;
				GCC_WARN_64_TO_32_BIT_CONVERSION = YES;
				GCC_WARN_ABOUT_RETURN_TYPE = YES_ERROR;
				GCC_WARN_UNDECLARED_SELECTOR = YES;
				GCC_WARN_UNINITIALIZED_AUTOS = YES_AGGRESSIVE;
				GCC_WARN_UNUSED_FUNCTION = YES;
				GCC_WARN_UNUSED_VARIABLE = YES;
				IPHONEOS_DEPLOYMENT_TARGET = 12.4;
				MTL_ENABLE_DEBUG_INFO = NO;
				MTL_FAST_MATH = YES;
				SDKROOT = iphoneos;
				SWIFT_COMPILATION_MODE = wholemodule;
				SWIFT_OPTIMIZATION_LEVEL = "-O";
				VALIDATE_PRODUCT = YES;
			};
			name = Release;
		};
		58D5B66E2308BD8C004D861D /* Debug */ = {
			isa = XCBuildConfiguration;
			buildSettings = {
				ASSETCATALOG_COMPILER_APPICON_NAME = AppIcon;
				CODE_SIGN_STYLE = Automatic;
				DEVELOPMENT_TEAM = 4MQC7PD9AU;
				INFOPLIST_FILE = DelegatesAndProtocols/Info.plist;
				IPHONEOS_DEPLOYMENT_TARGET = 10.0;
				LD_RUNPATH_SEARCH_PATHS = (
					"$(inherited)",
					"@executable_path/Frameworks",
				);
				PRODUCT_BUNDLE_IDENTIFIER = com.amith156.DelegatesAndProtocols;
				PRODUCT_NAME = "$(TARGET_NAME)";
				SWIFT_VERSION = 5.0;
				TARGETED_DEVICE_FAMILY = "1,2";
			};
			name = Debug;
		};
		58D5B66F2308BD8C004D861D /* Release */ = {
			isa = XCBuildConfiguration;
			buildSettings = {
				ASSETCATALOG_COMPILER_APPICON_NAME = AppIcon;
				CODE_SIGN_STYLE = Automatic;
				DEVELOPMENT_TEAM = 4MQC7PD9AU;
				INFOPLIST_FILE = DelegatesAndProtocols/Info.plist;
				IPHONEOS_DEPLOYMENT_TARGET = 10.0;
				LD_RUNPATH_SEARCH_PATHS = (
					"$(inherited)",
					"@executable_path/Frameworks",
				);
				PRODUCT_BUNDLE_IDENTIFIER = com.amith156.DelegatesAndProtocols;
				PRODUCT_NAME = "$(TARGET_NAME)";
				SWIFT_VERSION = 5.0;
				TARGETED_DEVICE_FAMILY = "1,2";
			};
			name = Release;
		};
/* End XCBuildConfiguration section */

/* Begin XCConfigurationList section */
		58D5B6562308BD8A004D861D /* Build configuration list for PBXProject "DelegatesAndProtocols" */ = {
			isa = XCConfigurationList;
			buildConfigurations = (
				58D5B66B2308BD8C004D861D /* Debug */,
				58D5B66C2308BD8C004D861D /* Release */,
			);
			defaultConfigurationIsVisible = 0;
			defaultConfigurationName = Release;
		};
		58D5B66D2308BD8C004D861D /* Build configuration list for PBXNativeTarget "DelegatesAndProtocols" */ = {
			isa = XCConfigurationList;
			buildConfigurations = (
				58D5B66E2308BD8C004D861D /* Debug */,
				58D5B66F2308BD8C004D861D /* Release */,
			);
			defaultConfigurationIsVisible = 0;
			defaultConfigurationName = Release;
		};
/* End XCConfigurationList section */
	};
	rootObject = 58D5B6532308BD8A004D861D /* Project object */;
}
